{
  "lockfile_version": "1",
  "packages": {
    "github:NixOS/nixpkgs/nixpkgs-unstable": {
      "last_modified": "2026-02-04T01:49:30Z",
      "resolved": "github:NixOS/nixpkgs/aa290c9891fa4ebe88f8889e59633d20cc06a5f2?lastModified=1770169770"
    },
    "gradle@latest": {
      "last_modified": "2026-01-26T09:54:05Z",
      "plugin_version": "0.0.1",
      "resolved": "github:NixOS/nixpkgs/5b265bda51b42a2a85af0a543c3e57b778b01b7d#gradle",
      "source": "devbox-search",
      "version": "8.14.4",
      "systems": {
        "aarch64-darwin": {
          "outputs": [
            {
              "name": "out",
              "path": "/nix/store/yb98qaa8if1gvdihj9vngyv822kqs88v-gradle-8.14.4",
              "default": true
            }
          ],
          "store_path": "/nix/store/yb98qaa8if1gvdihj9vngyv822kqs88v-gradle-8.14.4"
        },
        "aarch64-linux": {
          "outputs": [
            {
              "name": "out",
              "path": "/nix/store/xbn16nkgbaj09mf3vgzs7y582m67bm9s-gradle-8.14.4",
              "default": true
            }
          ],
          "store_path": "/nix/store/xbn16nkgbaj09mf3vgzs7y582m67bm9s-gradle-8.14.4"
        },
        "x86_64-darwin": {
          "outputs": [
            {
              "name": "out",
              "path": "/nix/store/m0xaca5z53sg9n6jqlkvm6cq0cn7ny28-gradle-8.14.4",
              "default": true
            }
          ],
          "store_path": "/nix/store/m0xaca5z53sg9n6jqlkvm6cq0cn7ny28-gradle-8.14.4"
        },
        "x86_64-linux": {
          "outputs": [
            {
              "name": "out",
              "path": "/nix/store/7nhijwwp2cdwnj2f19c5qdp2igf6cqb9-gradle-8.14.4",
              "default": true
            }
          ],
          "store_path": "/nix/store/7nhijwwp2cdwnj2f19c5qdp2igf6cqb9-gradle-8.14.4"
        }
      }
    },
    "jdk17@latest": {
      "last_modified": "2025-10-22T20:59:19Z",
      "resolved": "github:NixOS/nixpkgs/01b6809f7f9d1183a2b3e081f0a1e6f8f415cb09#jdk17",
      "source": "devbox-search",
      "version": "17.0.12",
      "systems": {
        "aarch64-darwin": {
          "outputs": [
            {
              "name": "out",
              "path": "/nix/store/hlm8a8cnp4hm8xkg0a2yy4kv7cq44jii-zulu-ca-jdk-17.0.12",
              "default": true
            }
          ],
          "store_path": "/nix/store/hlm8a8cnp4hm8xkg0a2yy4kv7cq44jii-zulu-ca-jdk-17.0.12"
        },
        "x86_64-darwin": {
          "outputs": [
            {
              "name": "out",
              "path": "/nix/store/i4zgq9685y6284hbf5a7ac9ysb88dvlz-zulu-ca-jdk-17.0.12",
              "default": true
            }
          ],
          "store_path": "/nix/store/i4zgq9685y6284hbf5a7ac9ysb88dvlz-zulu-ca-jdk-17.0.12"
        }
      }
    }
  }
}
